
Microsoft Visual Studio Solution File, Format Version 12.00
# Visual Studio Version 16
VisualStudioVersion = 16.0.30104.148
MinimumVisualStudioVersion = 10.0.40219.1
Project("{FAE04EC0-301F-11D3-BF4B-00C04F79EFBC}") = "Your New Favorite Poem", "Your New Favorite Poem\Your New Favorite Poem.csproj", "{D3E9DB89-0D45-432C-9D6B-27DD05F63FCB}"
EndProject
Global
	GlobalSection(SolutionConfigurationPlatforms) = preSolution
		Debug|Any CPU = Debug|Any CPU
		Release|Any CPU = Release|Any CPU
	EndGlobalSection
	GlobalSection(ProjectConfigurationPlatforms) = postSolution
		{D3E9DB89-0D45-432C-9D6B-27DD05F63FCB}.Debug|Any CPU.ActiveCfg = Debug|Any CPU
		{D3E9DB89-0D45-432C-9D6B-27DD05F63FCB}.Debug|Any CPU.Build.0 = Debug|Any CPU
		{D3E9DB89-0D45-432C-9D6B-27DD05F63FCB}.Release|Any CPU.ActiveCfg = Release|Any CPU
		{D3E9DB89-0D45-432C-9D6B-27DD05F63FCB}.Release|Any CPU.Build.0 = Release|Any CPU
	EndGlobalSection
	GlobalSection(SolutionProperties) = preSolution
		HideSolutionNode = FALSE
	EndGlobalSection
	GlobalSection(ExtensibilityGlobals) = postSolution
		SolutionGuid = {1363625A-DDD1-41D3-AAE0-9AA1FDCD7E9C}
	EndGlobalSection
EndGlobal
